
Microsoft Visual Studio Solution File, Format Version 12.00
# Visual Studio 15
VisualStudioVersion = 15.0.28307.421
MinimumVisualStudioVersion = 10.0.40219.1
Project("{9A19103F-16F7-4668-BE54-9A1E7A4F7556}") = "Group APT", "Group APT\Group APT.csproj", "{91F1A57A-EAB6-4AA7-86A3-C000E228398A}"
EndProject
Global
	GlobalSection(SolutionConfigurationPlatforms) = preSolution
		Debug|Any CPU = Debug|Any CPU
		Release|Any CPU = Release|Any CPU
	EndGlobalSection
	GlobalSection(ProjectConfigurationPlatforms) = postSolution
		{91F1A57A-EAB6-4AA7-86A3-C000E228398A}.Debug|Any CPU.ActiveCfg = Debug|Any CPU
		{91F1A57A-EAB6-4AA7-86A3-C000E228398A}.Debug|Any CPU.Build.0 = Debug|Any CPU
		{91F1A57A-EAB6-4AA7-86A3-C000E228398A}.Release|Any CPU.ActiveCfg = Release|Any CPU
		{91F1A57A-EAB6-4AA7-86A3-C000E228398A}.Release|Any CPU.Build.0 = Release|Any CPU
	EndGlobalSection
	GlobalSection(SolutionProperties) = preSolution
		HideSolutionNode = FALSE
	EndGlobalSection
	GlobalSection(ExtensibilityGlobals) = postSolution
		SolutionGuid = {F1ADAD8B-55F3-4492-9A54-3AB70050B448}
	EndGlobalSection
EndGlobal
